
Microsoft Visual Studio Solution File, Format Version 12.00
# Visual Studio 2012
Project("{FAE04EC0-301F-11D3-BF4B-00C04F79EFBC}") = "Nimap", "Nimap\Nimap.csproj", "{423B72C9-58FA-42BE-982F-E64DF56ABFD4}"
EndProject
Global
	GlobalSection(SolutionConfigurationPlatforms) = preSolution
		Debug|Any CPU = Debug|Any CPU
		Release|Any CPU = Release|Any CPU
	EndGlobalSection
	GlobalSection(ProjectConfigurationPlatforms) = postSolution
		{423B72C9-58FA-42BE-982F-E64DF56ABFD4}.Debug|Any CPU.ActiveCfg = Debug|Any CPU
		{423B72C9-58FA-42BE-982F-E64DF56ABFD4}.Debug|Any CPU.Build.0 = Debug|Any CPU
		{423B72C9-58FA-42BE-982F-E64DF56ABFD4}.Release|Any CPU.ActiveCfg = Release|Any CPU
		{423B72C9-58FA-42BE-982F-E64DF56ABFD4}.Release|Any CPU.Build.0 = Release|Any CPU
	EndGlobalSection
	GlobalSection(SolutionProperties) = preSolution
		HideSolutionNode = FALSE
	EndGlobalSection
EndGlobal
